
Microsoft Visual Studio Solution File, Format Version 12.00
# Visual Studio Version 17
VisualStudioVersion = 17.9.34723.18
MinimumVisualStudioVersion = 10.0.40219.1
Project("{9A19103F-16F7-4668-BE54-9A1E7A4F7556}") = "SmartTimeCVs.Web", "SmartTimeCVs.Web\SmartTimeCVs.Web.csproj", "{6AA3E3D2-9ED2-4C79-A3FA-1AD2D4BAE86C}"
EndProject
Global
	GlobalSection(SolutionConfigurationPlatforms) = preSolution
		Debug|Any CPU = Debug|Any CPU
		Release|Any CPU = Release|Any CPU
	EndGlobalSection
	GlobalSection(ProjectConfigurationPlatforms) = postSolution
		{6AA3E3D2-9ED2-4C79-A3FA-1AD2D4BAE86C}.Debug|Any CPU.ActiveCfg = Debug|Any CPU
		{6AA3E3D2-9ED2-4C79-A3FA-1AD2D4BAE86C}.Debug|Any CPU.Build.0 = Debug|Any CPU
		{6AA3E3D2-9ED2-4C79-A3FA-1AD2D4BAE86C}.Release|Any CPU.ActiveCfg = Release|Any CPU
		{6AA3E3D2-9ED2-4C79-A3FA-1AD2D4BAE86C}.Release|Any CPU.Build.0 = Release|Any CPU
	EndGlobalSection
	GlobalSection(SolutionProperties) = preSolution
		HideSolutionNode = FALSE
	EndGlobalSection
	GlobalSection(ExtensibilityGlobals) = postSolution
		SolutionGuid = {2F8AF592-84DD-4008-AE66-FB6959026507}
	EndGlobalSection
EndGlobal
